
Microsoft Visual Studio Solution File, Format Version 12.00
# Visual Studio Version 17
VisualStudioVersion = 17.5.002.0
MinimumVisualStudioVersion = 10.0.40219.1
Project("{9A19103F-16F7-4668-BE54-9A1E7A4F7556}") = "Sell ​_cleaning_services_e-commerce", "Sell ​_cleaning_services_e-commerce.csproj", "{616661D0-CA63-4C3F-A7A8-DA09C2725B95}"
EndProject
Global
	GlobalSection(SolutionConfigurationPlatforms) = preSolution
		Debug|Any CPU = Debug|Any CPU
		Release|Any CPU = Release|Any CPU
	EndGlobalSection
	GlobalSection(ProjectConfigurationPlatforms) = postSolution
		{616661D0-CA63-4C3F-A7A8-DA09C2725B95}.Debug|Any CPU.ActiveCfg = Debug|Any CPU
		{616661D0-CA63-4C3F-A7A8-DA09C2725B95}.Debug|Any CPU.Build.0 = Debug|Any CPU
		{616661D0-CA63-4C3F-A7A8-DA09C2725B95}.Release|Any CPU.ActiveCfg = Release|Any CPU
		{616661D0-CA63-4C3F-A7A8-DA09C2725B95}.Release|Any CPU.Build.0 = Release|Any CPU
	EndGlobalSection
	GlobalSection(SolutionProperties) = preSolution
		HideSolutionNode = FALSE
	EndGlobalSection
	GlobalSection(ExtensibilityGlobals) = postSolution
		SolutionGuid = {72933EFA-9ED3-4864-9B0C-036E997E1AEA}
	EndGlobalSection
EndGlobal
